entity:
  name: YardBlock
  namespace: cedm.domain
  kind: logistics_location
  description: A major operational subdivision of a container yard used to organize storage capacity, group bays, apply common handling rules, and support yard planning and optimization.
  ui:
    icon: table
  identity:
    key: yardBlockId
    type: uuid
    generated: true
    immutable: true
  attributes:
  - name: yardBlockId
    type: uuid
    required: true
    immutable: true
    help:
      summary: The permanent system identifier of the yard block record.
      usage: Assigned by the application when the record is created and never changed; integrations and links use it to find the record.
      relationshipContext: Other records that refer to a yard block store this identifier. The number or code people quote is a separate field.
  - name: code
    type: string
    required: true
    maxLength: 50
    help:
      summary: The code of the block, such as A or R1.
      businessMeaning: Provides the concise block designation shown on yard maps, operator instructions, dashboards, gate/move messages, and integrations.
      requiredMeaning: Required because operators and systems need a practical hierarchical address.
      usage: Used in container positions and yard plans.
      relationshipContext: Unique within its yard.
  - name: name
    type: string
    required: false
    maxLength: 150
    help:
      summary: A descriptive name, such as "Reefer block 1".
      businessMeaning: Allows a block to be identified by operational purpose, physical area, or local terminology in addition to its code.
      optionalMeaning: Optional when the operational code is sufficient.
      usage: Shown in yard plans.
      relationshipContext: Optional; the code identifies the block.
  - name: status
    type: enum
    required: true
    default: ACTIVE
    values: [ACTIVE, BLOCKED, CLOSED]
    help:
      summary: Whether the block is in use.
      businessMeaning: Determines whether subordinate bays may normally be selected for placement, relocation, or planning.
      requiredMeaning: Required because block availability affects all subordinate storage positions.
      usage: Changed when the block is blocked or closed.
      relationshipContext: Blocked blocks are skipped by planning.
      valueSemantics:
        ACTIVE: In use.
        BLOCKED: Temporarily unusable.
        CLOSED: Permanently out of use.
  - name: blockType
    type: enum
    required: true
    default: GENERAL
    values: [GENERAL, REEFER, HAZARDOUS, EMPTY, EXPORT, IMPORT]
    help:
      summary: What the block is used for.
      usage: Decides which containers the planners put in it.
      relationshipContext: Hazardous and reefer blocks have their own rules.
      valueSemantics:
        GENERAL: Dry containers.
        REEFER: Refrigerated containers needing power.
        HAZARDOUS: Containers with dangerous goods.
        EMPTY: Empty container storage.
        EXPORT: Containers waiting to be loaded on a vessel.
        IMPORT: Containers discharged and waiting for collection.
  - name: capacityTeu
    type: integer
    required: false
    help:
      summary: How many twenty-foot equivalent units the block can hold.
      usage: Used for yard utilisation reports.
      relationshipContext: Sum of its bays' capacity.
  relationships:
  - name: yard
    target: Yard
    cardinality: '1'
    ownership: reference
    help:
      summary: The yard the block is part of.
      usage: Set when the yard layout is defined.
      cardinalityMeaning: Every block belongs to exactly one yard.
      context: Listed in the yard plan.
  - name: bays
    target: YardBay
    cardinality: 1..*
    ownership: aggregate
    help:
      summary: The bays in the block.
      usage: Defined with the yard layout.
      cardinalityMeaning: A block has at least one bay.
      context: Each bay belongs to one block.
  invariants:
  - id: YARD-BLOCK-001
    rule: code must be unique within its Yard.
  - id: YARD-BLOCK-002
    rule: A BLOCKED or CLOSED block must not receive new normal placement allocations unless an explicit exception process permits them.
  - id: YARD-BLOCK-003
    rule: Blocking or closing a block must account for containers already occupying subordinate slots; status changes must not silently invalidate existing physical positions.
  lifecycle:
    title: Yard Block Lifecycle
    attribute: status
    states: [ACTIVE, BLOCKED, CLOSED]
    initial: ACTIVE
    terminal: [CLOSED]
    transitions:
    - {from: ACTIVE, to: CLOSED, action: close}
    - {from: ACTIVE, to: BLOCKED, action: block}
    - {from: BLOCKED, to: ACTIVE, action: unblock}
  workflows:
  - name: ExceptionRaised
    title: "Raise a task when a yard block is stopped"
    description: "When a yard block is blocked, a high-priority task asks someone to resolve it."
    when: "status == \"BLOCKED\" and status != _previous_status"
    steps:
    - id: S1
      type: CreateEntity
      label: "Raise a task: resolve"
      properties:
        entity: Task
        as: taskId
        fields:
          code: "YARD-BLOCK-EXCEPTION-{{id}}"
          name: "Resolve yard block {{name}}"
          description: "Yard block {{name}} is now {{status}}. Find out why it stopped and move it on or close it."
          task_type: "USER"
          status: "CREATED"
          priority: "HIGH"
  help:
    summary: Represents a major storage subdivision within a container yard and the planning boundary above individual bays and slots.
    businessMeaning: YardBlock organizes physical capacity into a manageable operational area, commonly grouping bays that share layout, equipment, traffic, cargo, container-type, or handling characteristics. It is a zoning and planning concept as well as a physical hierarchy element.
    usage: Used for yard zoning, capacity management, container placement strategy, traffic planning, congestion management, navigation, reporting, and movement optimization.
    relationshipContext: The hierarchy is Yard → YardBlock → YardBay → YardTier → YardSlot. Yard supplies the facility boundary; YardBlock groups related bays; YardBay represents a longitudinal storage row; YardTier represents vertical stacking; YardSlot identifies an atomic physical position. Container placement should ultimately resolve to a YardSlot rather than stopping at block level.
    operationalSemantics: Block-level rules can constrain all subordinate locations. A placement algorithm should evaluate block status before bay/tier/slot capacity, compatibility, accessibility, safety, and movement cost. A block can also be a useful optimization unit for balancing density, minimizing rehandles, separating container classes, and controlling traffic.
    lifecycle: A block may be configured before the yard opens, activated for operations, temporarily blocked, or closed. Blocking does not automatically mean that containers disappear or move; existing occupancy must be preserved and any required relocation should be represented by explicit ContainerMovement events.
    example: A depot operates Block B03 for export dry containers. B03 contains bays B03-01 through B03-20. Each bay contains tiers and atomic slots. When a container arrives, the yard-planning process evaluates B03 and its subordinate locations for compatibility, availability, travel distance, rehandle impact, and operational rules before assigning a precise slot.
specification:
  version: 0.2.0
  status: draft
  identifier: CEDM-ENTITY-YARD-BLOCK
